// !$*UTF8*$!
{
	archiveVersion = 1;
	classes = {
	};
	objectVersion = 51;
	objects = {

/* Begin PBXBuildFile section */
		C4E5BBBFF48A56330FBAA0D8 /* Pods_StorIt_IOS.framework in Frameworks */ = {isa = PBXBuildFile; fileRef = CC2E7AD8366523B3F254C624 /* Pods_StorIt_IOS.framework */; };
		C6B2B4DD23B155DD0035F586 /* AppDelegate.swift in Sources */ = {isa = PBXBuildFile; fileRef = C6B2B4DC23B155DD0035F586 /* AppDelegate.swift */; };
		C6B2B4DF23B155DD0035F586 /* SceneDelegate.swift in Sources */ = {isa = PBXBuildFile; fileRef = C6B2B4DE23B155DD0035F586 /* SceneDelegate.swift */; };
		C6B2B4E423B155DD0035F586 /* Main.storyboard in Resources */ = {isa = PBXBuildFile; fileRef = C6B2B4E223B155DD0035F586 /* Main.storyboard */; };
		C6B2B4E723B155DD0035F586 /* StorIt_IOS.xcdatamodeld in Sources */ = {isa = PBXBuildFile; fileRef = C6B2B4E523B155DD0035F586 /* StorIt_IOS.xcdatamodeld */; };
		C6B2B4E923B155E10035F586 /* Assets.xcassets in Resources */ = {isa = PBXBuildFile; fileRef = C6B2B4E823B155E10035F586 /* Assets.xcassets */; };
		C6B2B4EC23B155E10035F586 /* LaunchScreen.storyboard in Resources */ = {isa = PBXBuildFile; fileRef = C6B2B4EA23B155E10035F586 /* LaunchScreen.storyboard */; };
		C6B2B4F723B155E10035F586 /* StorIt_IOSTests.swift in Sources */ = {isa = PBXBuildFile; fileRef = C6B2B4F623B155E10035F586 /* StorIt_IOSTests.swift */; };
		C6B2B50223B155E10035F586 /* StorIt_IOSUITests.swift in Sources */ = {isa = PBXBuildFile; fileRef = C6B2B50123B155E10035F586 /* StorIt_IOSUITests.swift */; };
		FA55A9A423FDCD2600260768 /* EditPaymentDetailsViewController.swift in Sources */ = {isa = PBXBuildFile; fileRef = FA55A9A323FDCD2600260768 /* EditPaymentDetailsViewController.swift */; };
		FA55A9A623FDCD4F00260768 /* AddCardViewController.swift in Sources */ = {isa = PBXBuildFile; fileRef = FA55A9A523FDCD4F00260768 /* AddCardViewController.swift */; };
		FA55A9A823FDCD6C00260768 /* PurchasePlanViewController.swift in Sources */ = {isa = PBXBuildFile; fileRef = FA55A9A723FDCD6C00260768 /* PurchasePlanViewController.swift */; };
		FA55A9AA23FE60AF00260768 /* PaymentDetailsTableViewCell.swift in Sources */ = {isa = PBXBuildFile; fileRef = FA55A9A923FE60AF00260768 /* PaymentDetailsTableViewCell.swift */; };
		FA55A9AC23FEA50300260768 /* PurchasePlanTableViewCell.swift in Sources */ = {isa = PBXBuildFile; fileRef = FA55A9AB23FEA50300260768 /* PurchasePlanTableViewCell.swift */; };
		FA7CBADB23CF1712004C7F2A /* PaymentDetailsViewController.swift in Sources */ = {isa = PBXBuildFile; fileRef = FA7CBADA23CF1712004C7F2A /* PaymentDetailsViewController.swift */; };
		FA7CBADD23CF25A9004C7F2A /* PlansViewController.swift in Sources */ = {isa = PBXBuildFile; fileRef = FA7CBADC23CF25A9004C7F2A /* PlansViewController.swift */; };
		FA7CBADF23CF2DF1004C7F2A /* ProfileViewController.swift in Sources */ = {isa = PBXBuildFile; fileRef = FA7CBADE23CF2DF0004C7F2A /* ProfileViewController.swift */; };
		FA7CBAE123CF2F00004C7F2A /* HelpViewController.swift in Sources */ = {isa = PBXBuildFile; fileRef = FA7CBAE023CF2F00004C7F2A /* HelpViewController.swift */; };
		FA7CBAE323CF2FA1004C7F2A /* TermsAndConditionViewController.swift in Sources */ = {isa = PBXBuildFile; fileRef = FA7CBAE223CF2FA1004C7F2A /* TermsAndConditionViewController.swift */; };
		FA7CBAE523CF2FD1004C7F2A /* FAQsViewController.swift in Sources */ = {isa = PBXBuildFile; fileRef = FA7CBAE423CF2FD1004C7F2A /* FAQsViewController.swift */; };
		FA7F3FE423F18B980047CF9E /* ServerInformationViewController.swift in Sources */ = {isa = PBXBuildFile; fileRef = FA7F3FE323F18B980047CF9E /* ServerInformationViewController.swift */; };
		FA7F3FE623F9CF370047CF9E /* EditServerViewController.swift in Sources */ = {isa = PBXBuildFile; fileRef = FA7F3FE523F9CF370047CF9E /* EditServerViewController.swift */; };
		FA8F1C1B23B23DCA00B3C20C /* GoogleService-Info.plist in Resources */ = {isa = PBXBuildFile; fileRef = FA8F1C1A23B23DCA00B3C20C /* GoogleService-Info.plist */; };
		FA8F1C1F23B25CFF00B3C20C /* LoginViewController.swift in Sources */ = {isa = PBXBuildFile; fileRef = FA8F1C1E23B25CFF00B3C20C /* LoginViewController.swift */; };
		FA8F1C2123B25DF000B3C20C /* ClientViewController.swift in Sources */ = {isa = PBXBuildFile; fileRef = FA8F1C2023B25DF000B3C20C /* ClientViewController.swift */; };
		FA8F1C2323B2652D00B3C20C /* TabBarViewController.swift in Sources */ = {isa = PBXBuildFile; fileRef = FA8F1C2223B2652D00B3C20C /* TabBarViewController.swift */; };
		FA8F1C2523B26B7F00B3C20C /* SignUpViewController.swift in Sources */ = {isa = PBXBuildFile; fileRef = FA8F1C2423B26B7F00B3C20C /* SignUpViewController.swift */; };
		FA8F1C2723B3723000B3C20C /* MenuTableViewController.swift in Sources */ = {isa = PBXBuildFile; fileRef = FA8F1C2623B3723000B3C20C /* MenuTableViewController.swift */; };
		FA8F1C2923B37F8E00B3C20C /* SlideInTransition.swift in Sources */ = {isa = PBXBuildFile; fileRef = FA8F1C2823B37F8E00B3C20C /* SlideInTransition.swift */; };
		FA8F1C2B23B38C6300B3C20C /* ServerViewController.swift in Sources */ = {isa = PBXBuildFile; fileRef = FA8F1C2A23B38C6300B3C20C /* ServerViewController.swift */; };
		FAB6058323D9F0C2009A4758 /* EditProfileViewController.swift in Sources */ = {isa = PBXBuildFile; fileRef = FAB6058223D9F0C2009A4758 /* EditProfileViewController.swift */; };
		FAB6058523DBB9A3009A4758 /* ForgotPasswordPopUpViewController.swift in Sources */ = {isa = PBXBuildFile; fileRef = FAB6058423DBB9A3009A4758 /* ForgotPasswordPopUpViewController.swift */; };
		FAE7AC7923CFE5F400FA3CB8 /* ServerTableViewCell.swift in Sources */ = {isa = PBXBuildFile; fileRef = FAE7AC7823CFE5F400FA3CB8 /* ServerTableViewCell.swift */; };
		FAE7AC7C23D1177D00FA3CB8 /* ClientCollectionViewCell.swift in Sources */ = {isa = PBXBuildFile; fileRef = FAE7AC7B23D1177D00FA3CB8 /* ClientCollectionViewCell.swift */; };
		FAE7AC7E23D12D0000FA3CB8 /* AddNewTableViewCell.swift in Sources */ = {isa = PBXBuildFile; fileRef = FAE7AC7D23D12D0000FA3CB8 /* AddNewTableViewCell.swift */; };
		FAE7AC8023D1370000FA3CB8 /* SortByTableViewCell.swift in Sources */ = {isa = PBXBuildFile; fileRef = FAE7AC7F23D1370000FA3CB8 /* SortByTableViewCell.swift */; };
		FAE7AC8623D1F7B300FA3CB8 /* MoreOptionsTableViewCell.swift in Sources */ = {isa = PBXBuildFile; fileRef = FAE7AC8523D1F7B300FA3CB8 /* MoreOptionsTableViewCell.swift */; };
		FAE7AC8823D220E700FA3CB8 /* AddServerPopUpViewController.swift in Sources */ = {isa = PBXBuildFile; fileRef = FAE7AC8723D220E700FA3CB8 /* AddServerPopUpViewController.swift */; };
		FAE7AC8C23D22B2000FA3CB8 /* SBCardPopupViewController.swift in Sources */ = {isa = PBXBuildFile; fileRef = FAE7AC8B23D22B2000FA3CB8 /* SBCardPopupViewController.swift */; };
/* End PBXBuildFile section */

/* Begin PBXContainerItemProxy section */
		C6B2B4F323B155E10035F586 /* PBXContainerItemProxy */ = {
			isa = PBXContainerItemProxy;
			containerPortal = C6B2B4D123B155DD0035F586 /* Project object */;
			proxyType = 1;
			remoteGlobalIDString = C6B2B4D823B155DD0035F586;
			remoteInfo = "StorIt-IOS";
		};
		C6B2B4FE23B155E10035F586 /* PBXContainerItemProxy */ = {
			isa = PBXContainerItemProxy;
			containerPortal = C6B2B4D123B155DD0035F586 /* Project object */;
			proxyType = 1;
			remoteGlobalIDString = C6B2B4D823B155DD0035F586;
			remoteInfo = "StorIt-IOS";
		};
/* End PBXContainerItemProxy section */

/* Begin PBXFileReference section */
		8DEC980E9E125E735B6DD723 /* Pods-StorIt-IOS.release.xcconfig */ = {isa = PBXFileReference; includeInIndex = 1; lastKnownFileType = text.xcconfig; name = "Pods-StorIt-IOS.release.xcconfig"; path = "Target Support Files/Pods-StorIt-IOS/Pods-StorIt-IOS.release.xcconfig"; sourceTree = "<group>"; };
		AD7705C54BE511C8AEFD99C6 /* Pods-StorIt-IOS.debug.xcconfig */ = {isa = PBXFileReference; includeInIndex = 1; lastKnownFileType = text.xcconfig; name = "Pods-StorIt-IOS.debug.xcconfig"; path = "Target Support Files/Pods-StorIt-IOS/Pods-StorIt-IOS.debug.xcconfig"; sourceTree = "<group>"; };
		C6B2B4D923B155DD0035F586 /* StorIT.app */ = {isa = PBXFileReference; explicitFileType = wrapper.application; includeInIndex = 0; path = StorIT.app; sourceTree = BUILT_PRODUCTS_DIR; };
		C6B2B4DC23B155DD0035F586 /* AppDelegate.swift */ = {isa = PBXFileReference; lastKnownFileType = sourcecode.swift; path = AppDelegate.swift; sourceTree = "<group>"; };
		C6B2B4DE23B155DD0035F586 /* SceneDelegate.swift */ = {isa = PBXFileReference; lastKnownFileType = sourcecode.swift; path = SceneDelegate.swift; sourceTree = "<group>"; };
		C6B2B4E323B155DD0035F586 /* Base */ = {isa = PBXFileReference; lastKnownFileType = file.storyboard; name = Base; path = Base.lproj/Main.storyboard; sourceTree = "<group>"; };
		C6B2B4E623B155DD0035F586 /* StorIt_IOS.xcdatamodel */ = {isa = PBXFileReference; lastKnownFileType = wrapper.xcdatamodel; path = StorIt_IOS.xcdatamodel; sourceTree = "<group>"; };
		C6B2B4E823B155E10035F586 /* Assets.xcassets */ = {isa = PBXFileReference; lastKnownFileType = folder.assetcatalog; path = Assets.xcassets; sourceTree = "<group>"; };
		C6B2B4EB23B155E10035F586 /* Base */ = {isa = PBXFileReference; lastKnownFileType = file.storyboard; name = Base; path = Base.lproj/LaunchScreen.storyboard; sourceTree = "<group>"; };
		C6B2B4ED23B155E10035F586 /* Info.plist */ = {isa = PBXFileReference; lastKnownFileType = text.plist.xml; path = Info.plist; sourceTree = "<group>"; };
		C6B2B4F223B155E10035F586 /* StorIt-IOSTests.xctest */ = {isa = PBXFileReference; explicitFileType = wrapper.cfbundle; includeInIndex = 0; path = "StorIt-IOSTests.xctest"; sourceTree = BUILT_PRODUCTS_DIR; };
		C6B2B4F623B155E10035F586 /* StorIt_IOSTests.swift */ = {isa = PBXFileReference; lastKnownFileType = sourcecode.swift; path = StorIt_IOSTests.swift; sourceTree = "<group>"; };
		C6B2B4F823B155E10035F586 /* Info.plist */ = {isa = PBXFileReference; lastKnownFileType = text.plist.xml; path = Info.plist; sourceTree = "<group>"; };
		C6B2B4FD23B155E10035F586 /* StorIt-IOSUITests.xctest */ = {isa = PBXFileReference; explicitFileType = wrapper.cfbundle; includeInIndex = 0; path = "StorIt-IOSUITests.xctest"; sourceTree = BUILT_PRODUCTS_DIR; };
		C6B2B50123B155E10035F586 /* StorIt_IOSUITests.swift */ = {isa = PBXFileReference; lastKnownFileType = sourcecode.swift; path = StorIt_IOSUITests.swift; sourceTree = "<group>"; };
		C6B2B50323B155E10035F586 /* Info.plist */ = {isa = PBXFileReference; lastKnownFileType = text.plist.xml; path = Info.plist; sourceTree = "<group>"; };
		CC2E7AD8366523B3F254C624 /* Pods_StorIt_IOS.framework */ = {isa = PBXFileReference; explicitFileType = wrapper.framework; includeInIndex = 0; path = Pods_StorIt_IOS.framework; sourceTree = BUILT_PRODUCTS_DIR; };
		FA55A9A323FDCD2600260768 /* EditPaymentDetailsViewController.swift */ = {isa = PBXFileReference; lastKnownFileType = sourcecode.swift; path = EditPaymentDetailsViewController.swift; sourceTree = "<group>"; };
		FA55A9A523FDCD4F00260768 /* AddCardViewController.swift */ = {isa = PBXFileReference; lastKnownFileType = sourcecode.swift; path = AddCardViewController.swift; sourceTree = "<group>"; };
		FA55A9A723FDCD6C00260768 /* PurchasePlanViewController.swift */ = {isa = PBXFileReference; lastKnownFileType = sourcecode.swift; path = PurchasePlanViewController.swift; sourceTree = "<group>"; };
		FA55A9A923FE60AF00260768 /* PaymentDetailsTableViewCell.swift */ = {isa = PBXFileReference; lastKnownFileType = sourcecode.swift; path = PaymentDetailsTableViewCell.swift; sourceTree = "<group>"; };
		FA55A9AB23FEA50300260768 /* PurchasePlanTableViewCell.swift */ = {isa = PBXFileReference; lastKnownFileType = sourcecode.swift; path = PurchasePlanTableViewCell.swift; sourceTree = "<group>"; };
		FA7CBADA23CF1712004C7F2A /* PaymentDetailsViewController.swift */ = {isa = PBXFileReference; lastKnownFileType = sourcecode.swift; path = PaymentDetailsViewController.swift; sourceTree = "<group>"; };
		FA7CBADC23CF25A9004C7F2A /* PlansViewController.swift */ = {isa = PBXFileReference; lastKnownFileType = sourcecode.swift; path = PlansViewController.swift; sourceTree = "<group>"; };
		FA7CBADE23CF2DF0004C7F2A /* ProfileViewController.swift */ = {isa = PBXFileReference; lastKnownFileType = sourcecode.swift; path = ProfileViewController.swift; sourceTree = "<group>"; };
		FA7CBAE023CF2F00004C7F2A /* HelpViewController.swift */ = {isa = PBXFileReference; lastKnownFileType = sourcecode.swift; path = HelpViewController.swift; sourceTree = "<group>"; };
		FA7CBAE223CF2FA1004C7F2A /* TermsAndConditionViewController.swift */ = {isa = PBXFileReference; lastKnownFileType = sourcecode.swift; path = TermsAndConditionViewController.swift; sourceTree = "<group>"; };
		FA7CBAE423CF2FD1004C7F2A /* FAQsViewController.swift */ = {isa = PBXFileReference; lastKnownFileType = sourcecode.swift; path = FAQsViewController.swift; sourceTree = "<group>"; };
		FA7F3FE323F18B980047CF9E /* ServerInformationViewController.swift */ = {isa = PBXFileReference; lastKnownFileType = sourcecode.swift; path = ServerInformationViewController.swift; sourceTree = "<group>"; };
		FA7F3FE523F9CF370047CF9E /* EditServerViewController.swift */ = {isa = PBXFileReference; lastKnownFileType = sourcecode.swift; path = EditServerViewController.swift; sourceTree = "<group>"; };
		FA8F1C1A23B23DCA00B3C20C /* GoogleService-Info.plist */ = {isa = PBXFileReference; fileEncoding = 4; lastKnownFileType = text.plist.xml; path = "GoogleService-Info.plist"; sourceTree = "<group>"; };
		FA8F1C1E23B25CFF00B3C20C /* LoginViewController.swift */ = {isa = PBXFileReference; lastKnownFileType = sourcecode.swift; path = LoginViewController.swift; sourceTree = "<group>"; };
		FA8F1C2023B25DF000B3C20C /* ClientViewController.swift */ = {isa = PBXFileReference; lastKnownFileType = sourcecode.swift; path = ClientViewController.swift; sourceTree = "<group>"; };
		FA8F1C2223B2652D00B3C20C /* TabBarViewController.swift */ = {isa = PBXFileReference; lastKnownFileType = sourcecode.swift; path = TabBarViewController.swift; sourceTree = "<group>"; };
		FA8F1C2423B26B7F00B3C20C /* SignUpViewController.swift */ = {isa = PBXFileReference; lastKnownFileType = sourcecode.swift; path = SignUpViewController.swift; sourceTree = "<group>"; };
		FA8F1C2623B3723000B3C20C /* MenuTableViewController.swift */ = {isa = PBXFileReference; lastKnownFileType = sourcecode.swift; path = MenuTableViewController.swift; sourceTree = "<group>"; };
		FA8F1C2823B37F8E00B3C20C /* SlideInTransition.swift */ = {isa = PBXFileReference; lastKnownFileType = sourcecode.swift; path = SlideInTransition.swift; sourceTree = "<group>"; };
		FA8F1C2A23B38C6300B3C20C /* ServerViewController.swift */ = {isa = PBXFileReference; lastKnownFileType = sourcecode.swift; path = ServerViewController.swift; sourceTree = "<group>"; };
		FAB6058223D9F0C2009A4758 /* EditProfileViewController.swift */ = {isa = PBXFileReference; lastKnownFileType = sourcecode.swift; path = EditProfileViewController.swift; sourceTree = "<group>"; };
		FAB6058423DBB9A3009A4758 /* ForgotPasswordPopUpViewController.swift */ = {isa = PBXFileReference; lastKnownFileType = sourcecode.swift; path = ForgotPasswordPopUpViewController.swift; sourceTree = "<group>"; };
		FAE7AC7823CFE5F400FA3CB8 /* ServerTableViewCell.swift */ = {isa = PBXFileReference; lastKnownFileType = sourcecode.swift; path = ServerTableViewCell.swift; sourceTree = "<group>"; };
		FAE7AC7B23D1177D00FA3CB8 /* ClientCollectionViewCell.swift */ = {isa = PBXFileReference; lastKnownFileType = sourcecode.swift; path = ClientCollectionViewCell.swift; sourceTree = "<group>"; };
		FAE7AC7D23D12D0000FA3CB8 /* AddNewTableViewCell.swift */ = {isa = PBXFileReference; lastKnownFileType = sourcecode.swift; path = AddNewTableViewCell.swift; sourceTree = "<group>"; };
		FAE7AC7F23D1370000FA3CB8 /* SortByTableViewCell.swift */ = {isa = PBXFileReference; lastKnownFileType = sourcecode.swift; path = SortByTableViewCell.swift; sourceTree = "<group>"; };
		FAE7AC8523D1F7B300FA3CB8 /* MoreOptionsTableViewCell.swift */ = {isa = PBXFileReference; lastKnownFileType = sourcecode.swift; path = MoreOptionsTableViewCell.swift; sourceTree = "<group>"; };
		FAE7AC8723D220E700FA3CB8 /* AddServerPopUpViewController.swift */ = {isa = PBXFileReference; lastKnownFileType = sourcecode.swift; path = AddServerPopUpViewController.swift; sourceTree = "<group>"; };
		FAE7AC8B23D22B2000FA3CB8 /* SBCardPopupViewController.swift */ = {isa = PBXFileReference; lastKnownFileType = sourcecode.swift; path = SBCardPopupViewController.swift; sourceTree = "<group>"; };
/* End PBXFileReference section */

/* Begin PBXFrameworksBuildPhase section */
		C6B2B4D623B155DD0035F586 /* Frameworks */ = {
			isa = PBXFrameworksBuildPhase;
			buildActionMask = 2147483647;
			files = (
				C4E5BBBFF48A56330FBAA0D8 /* Pods_StorIt_IOS.framework in Frameworks */,
			);
			runOnlyForDeploymentPostprocessing = 0;
		};
		C6B2B4EF23B155E10035F586 /* Frameworks */ = {
			isa = PBXFrameworksBuildPhase;
			buildActionMask = 2147483647;
			files = (
			);
			runOnlyForDeploymentPostprocessing = 0;
		};
		C6B2B4FA23B155E10035F586 /* Frameworks */ = {
			isa = PBXFrameworksBuildPhase;
			buildActionMask = 2147483647;
			files = (
			);
			runOnlyForDeploymentPostprocessing = 0;
		};
/* End PBXFrameworksBuildPhase section */

/* Begin PBXGroup section */
		0DFC415956ED2585936C74AA /* Pods */ = {
			isa = PBXGroup;
			children = (
				AD7705C54BE511C8AEFD99C6 /* Pods-StorIt-IOS.debug.xcconfig */,
				8DEC980E9E125E735B6DD723 /* Pods-StorIt-IOS.release.xcconfig */,
			);
			path = Pods;
			sourceTree = "<group>";
		};
		0E93AD5D4FFFDED2C4CDC8E0 /* Frameworks */ = {
			isa = PBXGroup;
			children = (
				CC2E7AD8366523B3F254C624 /* Pods_StorIt_IOS.framework */,
			);
			name = Frameworks;
			sourceTree = "<group>";
		};
		C6B2B4D023B155DD0035F586 = {
			isa = PBXGroup;
			children = (
				C6B2B4DB23B155DD0035F586 /* StorIt-IOS */,
				C6B2B4F523B155E10035F586 /* StorIt-IOSTests */,
				C6B2B50023B155E10035F586 /* StorIt-IOSUITests */,
				C6B2B4DA23B155DD0035F586 /* Products */,
				0DFC415956ED2585936C74AA /* Pods */,
				0E93AD5D4FFFDED2C4CDC8E0 /* Frameworks */,
			);
			sourceTree = "<group>";
		};
		C6B2B4DA23B155DD0035F586 /* Products */ = {
			isa = PBXGroup;
			children = (
				C6B2B4D923B155DD0035F586 /* StorIT.app */,
				C6B2B4F223B155E10035F586 /* StorIt-IOSTests.xctest */,
				C6B2B4FD23B155E10035F586 /* StorIt-IOSUITests.xctest */,
			);
			name = Products;
			sourceTree = "<group>";
		};
		C6B2B4DB23B155DD0035F586 /* StorIt-IOS */ = {
			isa = PBXGroup;
			children = (
				FA8F1C1A23B23DCA00B3C20C /* GoogleService-Info.plist */,
				C6B2B4DC23B155DD0035F586 /* AppDelegate.swift */,
				C6B2B4DE23B155DD0035F586 /* SceneDelegate.swift */,
				C6B2B4E223B155DD0035F586 /* Main.storyboard */,
				FAB6058423DBB9A3009A4758 /* ForgotPasswordPopUpViewController.swift */,
				FA8F1C1E23B25CFF00B3C20C /* LoginViewController.swift */,
				FA7CBAE023CF2F00004C7F2A /* HelpViewController.swift */,
				FA7CBAE223CF2FA1004C7F2A /* TermsAndConditionViewController.swift */,
				FA7CBAE423CF2FD1004C7F2A /* FAQsViewController.swift */,
				FA8F1C2623B3723000B3C20C /* MenuTableViewController.swift */,
				FA8F1C2423B26B7F00B3C20C /* SignUpViewController.swift */,
				FA8F1C2223B2652D00B3C20C /* TabBarViewController.swift */,
				FAE7AC7B23D1177D00FA3CB8 /* ClientCollectionViewCell.swift */,
				FA8F1C2023B25DF000B3C20C /* ClientViewController.swift */,
				FAE7AC8523D1F7B300FA3CB8 /* MoreOptionsTableViewCell.swift */,
				FAE7AC7F23D1370000FA3CB8 /* SortByTableViewCell.swift */,
				FAE7AC7D23D12D0000FA3CB8 /* AddNewTableViewCell.swift */,
				FA8F1C2A23B38C6300B3C20C /* ServerViewController.swift */,
				FAE7AC8723D220E700FA3CB8 /* AddServerPopUpViewController.swift */,
				FAE7AC8B23D22B2000FA3CB8 /* SBCardPopupViewController.swift */,
				FA7F3FE523F9CF370047CF9E /* EditServerViewController.swift */,
				FA7F3FE323F18B980047CF9E /* ServerInformationViewController.swift */,
				FAE7AC7823CFE5F400FA3CB8 /* ServerTableViewCell.swift */,
				FA8F1C2823B37F8E00B3C20C /* SlideInTransition.swift */,
				FA7CBADA23CF1712004C7F2A /* PaymentDetailsViewController.swift */,
				FA55A9A923FE60AF00260768 /* PaymentDetailsTableViewCell.swift */,
				FA55A9A323FDCD2600260768 /* EditPaymentDetailsViewController.swift */,
				FA55A9A523FDCD4F00260768 /* AddCardViewController.swift */,
				FA55A9A723FDCD6C00260768 /* PurchasePlanViewController.swift */,
				FA55A9AB23FEA50300260768 /* PurchasePlanTableViewCell.swift */,
				FA7CBADC23CF25A9004C7F2A /* PlansViewController.swift */,
				FAB6058223D9F0C2009A4758 /* EditProfileViewController.swift */,
				FA7CBADE23CF2DF0004C7F2A /* ProfileViewController.swift */,
				C6B2B4E823B155E10035F586 /* Assets.xcassets */,
				C6B2B4EA23B155E10035F586 /* LaunchScreen.storyboard */,
				C6B2B4ED23B155E10035F586 /* Info.plist */,
				C6B2B4E523B155DD0035F586 /* StorIt_IOS.xcdatamodeld */,
			);
			path = "StorIt-IOS";
			sourceTree = "<group>";
		};
		C6B2B4F523B155E10035F586 /* StorIt-IOSTests */ = {
			isa = PBXGroup;
			children = (
				C6B2B4F623B155E10035F586 /* StorIt_IOSTests.swift */,
				C6B2B4F823B155E10035F586 /* Info.plist */,
			);
			path = "StorIt-IOSTests";
			sourceTree = "<group>";
		};
		C6B2B50023B155E10035F586 /* StorIt-IOSUITests */ = {
			isa = PBXGroup;
			children = (
				C6B2B50123B155E10035F586 /* StorIt_IOSUITests.swift */,
				C6B2B50323B155E10035F586 /* Info.plist */,
			);
			path = "StorIt-IOSUITests";
			sourceTree = "<group>";
		};
/* End PBXGroup section */

/* Begin PBXNativeTarget section */
		C6B2B4D823B155DD0035F586 /* StorIt-IOS */ = {
			isa = PBXNativeTarget;
			buildConfigurationList = C6B2B50623B155E10035F586 /* Build configuration list for PBXNativeTarget "StorIt-IOS" */;
			buildPhases = (
				470BCF2B1F299C25585DA3A9 /* [CP] Check Pods Manifest.lock */,
				C6B2B4D523B155DD0035F586 /* Sources */,
				C6B2B4D623B155DD0035F586 /* Frameworks */,
				C6B2B4D723B155DD0035F586 /* Resources */,
				6A01035419F98FBCC42E9EF4 /* [CP] Embed Pods Frameworks */,
				598F7CE00978EF6EB4A37E24 /* [CP] Copy Pods Resources */,
			);
			buildRules = (
			);
			dependencies = (
			);
			name = "StorIt-IOS";
			productName = "StorIt-IOS";
			productReference = C6B2B4D923B155DD0035F586 /* StorIT.app */;
			productType = "com.apple.product-type.application";
		};
		C6B2B4F123B155E10035F586 /* StorIt-IOSTests */ = {
			isa = PBXNativeTarget;
			buildConfigurationList = C6B2B50923B155E10035F586 /* Build configuration list for PBXNativeTarget "StorIt-IOSTests" */;
			buildPhases = (
				C6B2B4EE23B155E10035F586 /* Sources */,
				C6B2B4EF23B155E10035F586 /* Frameworks */,
				C6B2B4F023B155E10035F586 /* Resources */,
			);
			buildRules = (
			);
			dependencies = (
				C6B2B4F423B155E10035F586 /* PBXTargetDependency */,
			);
			name = "StorIt-IOSTests";
			productName = "StorIt-IOSTests";
			productReference = C6B2B4F223B155E10035F586 /* StorIt-IOSTests.xctest */;
			productType = "com.apple.product-type.bundle.unit-test";
		};
		C6B2B4FC23B155E10035F586 /* StorIt-IOSUITests */ = {
			isa = PBXNativeTarget;
			buildConfigurationList = C6B2B50C23B155E10035F586 /* Build configuration list for PBXNativeTarget "StorIt-IOSUITests" */;
			buildPhases = (
				C6B2B4F923B155E10035F586 /* Sources */,
				C6B2B4FA23B155E10035F586 /* Frameworks */,
				C6B2B4FB23B155E10035F586 /* Resources */,
			);
			buildRules = (
			);
			dependencies = (
				C6B2B4FF23B155E10035F586 /* PBXTargetDependency */,
			);
			name = "StorIt-IOSUITests";
			productName = "StorIt-IOSUITests";
			productReference = C6B2B4FD23B155E10035F586 /* StorIt-IOSUITests.xctest */;
			productType = "com.apple.product-type.bundle.ui-testing";
		};
/* End PBXNativeTarget section */

/* Begin PBXProject section */
		C6B2B4D123B155DD0035F586 /* Project object */ = {
			isa = PBXProject;
			attributes = {
				LastSwiftUpdateCheck = 1120;
				LastUpgradeCheck = 1120;
				ORGANIZATIONNAME = "Cyber-Monkeys";
				TargetAttributes = {
					C6B2B4D823B155DD0035F586 = {
						CreatedOnToolsVersion = 11.2.1;
					};
					C6B2B4F123B155E10035F586 = {
						CreatedOnToolsVersion = 11.2.1;
						TestTargetID = C6B2B4D823B155DD0035F586;
					};
					C6B2B4FC23B155E10035F586 = {
						CreatedOnToolsVersion = 11.2.1;
						TestTargetID = C6B2B4D823B155DD0035F586;
					};
				};
			};
			buildConfigurationList = C6B2B4D423B155DD0035F586 /* Build configuration list for PBXProject "StorIt-IOS" */;
			compatibilityVersion = "Xcode 9.3";
			developmentRegion = en;
			hasScannedForEncodings = 0;
			knownRegions = (
				en,
				Base,
			);
			mainGroup = C6B2B4D023B155DD0035F586;
			productRefGroup = C6B2B4DA23B155DD0035F586 /* Products */;
			projectDirPath = "";
			projectRoot = "";
			targets = (
				C6B2B4D823B155DD0035F586 /* StorIt-IOS */,
				C6B2B4F123B155E10035F586 /* StorIt-IOSTests */,
				C6B2B4FC23B155E10035F586 /* StorIt-IOSUITests */,
			);
		};
/* End PBXProject section */

/* Begin PBXResourcesBuildPhase section */
		C6B2B4D723B155DD0035F586 /* Resources */ = {
			isa = PBXResourcesBuildPhase;
			buildActionMask = 2147483647;
			files = (
				C6B2B4EC23B155E10035F586 /* LaunchScreen.storyboard in Resources */,
				FA8F1C1B23B23DCA00B3C20C /* GoogleService-Info.plist in Resources */,
				C6B2B4E923B155E10035F586 /* Assets.xcassets in Resources */,
				C6B2B4E423B155DD0035F586 /* Main.storyboard in Resources */,
			);
			runOnlyForDeploymentPostprocessing = 0;
		};
		C6B2B4F023B155E10035F586 /* Resources */ = {
			isa = PBXResourcesBuildPhase;
			buildActionMask = 2147483647;
			files = (
			);
			runOnlyForDeploymentPostprocessing = 0;
		};
		C6B2B4FB23B155E10035F586 /* Resources */ = {
			isa = PBXResourcesBuildPhase;
			buildActionMask = 2147483647;
			files = (
			);
			runOnlyForDeploymentPostprocessing = 0;
		};
/* End PBXResourcesBuildPhase section */

/* Begin PBXShellScriptBuildPhase section */
		470BCF2B1F299C25585DA3A9 /* [CP] Check Pods Manifest.lock */ = {
			isa = PBXShellScriptBuildPhase;
			buildActionMask = 2147483647;
			files = (
			);
			inputFileListPaths = (
			);
			inputPaths = (
				"${PODS_PODFILE_DIR_PATH}/Podfile.lock",
				"${PODS_ROOT}/Manifest.lock",
			);
			name = "[CP] Check Pods Manifest.lock";
			outputFileListPaths = (
			);
			outputPaths = (
				"$(DERIVED_FILE_DIR)/Pods-StorIt-IOS-checkManifestLockResult.txt",
			);
			runOnlyForDeploymentPostprocessing = 0;
			shellPath = /bin/sh;
			shellScript = "diff \"${PODS_PODFILE_DIR_PATH}/Podfile.lock\" \"${PODS_ROOT}/Manifest.lock\" > /dev/null\nif [ $? != 0 ] ; then\n    # print error to STDERR\n    echo \"error: The sandbox is not in sync with the Podfile.lock. Run 'pod install' or update your CocoaPods installation.\" >&2\n    exit 1\nfi\n# This output is used by Xcode 'outputs' to avoid re-running this script phase.\necho \"SUCCESS\" > \"${SCRIPT_OUTPUT_FILE_0}\"\n";
			showEnvVarsInLog = 0;
		};
		598F7CE00978EF6EB4A37E24 /* [CP] Copy Pods Resources */ = {
			isa = PBXShellScriptBuildPhase;
			buildActionMask = 2147483647;
			files = (
			);
			inputFileListPaths = (
				"${PODS_ROOT}/Target Support Files/Pods-StorIt-IOS/Pods-StorIt-IOS-resources-${CONFIGURATION}-input-files.xcfilelist",
			);
			name = "[CP] Copy Pods Resources";
			outputFileListPaths = (
				"${PODS_ROOT}/Target Support Files/Pods-StorIt-IOS/Pods-StorIt-IOS-resources-${CONFIGURATION}-output-files.xcfilelist",
			);
			runOnlyForDeploymentPostprocessing = 0;
			shellPath = /bin/sh;
			shellScript = "\"${PODS_ROOT}/Target Support Files/Pods-StorIt-IOS/Pods-StorIt-IOS-resources.sh\"\n";
			showEnvVarsInLog = 0;
		};
		6A01035419F98FBCC42E9EF4 /* [CP] Embed Pods Frameworks */ = {
			isa = PBXShellScriptBuildPhase;
			buildActionMask = 2147483647;
			files = (
			);
			inputFileListPaths = (
				"${PODS_ROOT}/Target Support Files/Pods-StorIt-IOS/Pods-StorIt-IOS-frameworks-${CONFIGURATION}-input-files.xcfilelist",
			);
			name = "[CP] Embed Pods Frameworks";
			outputFileListPaths = (
				"${PODS_ROOT}/Target Support Files/Pods-StorIt-IOS/Pods-StorIt-IOS-frameworks-${CONFIGURATION}-output-files.xcfilelist",
			);
			runOnlyForDeploymentPostprocessing = 0;
			shellPath = /bin/sh;
			shellScript = "\"${PODS_ROOT}/Target Support Files/Pods-StorIt-IOS/Pods-StorIt-IOS-frameworks.sh\"\n";
			showEnvVarsInLog = 0;
		};
/* End PBXShellScriptBuildPhase section */

/* Begin PBXSourcesBuildPhase section */
		C6B2B4D523B155DD0035F586 /* Sources */ = {
			isa = PBXSourcesBuildPhase;
			buildActionMask = 2147483647;
			files = (
				FA55A9A823FDCD6C00260768 /* PurchasePlanViewController.swift in Sources */,
				FA7CBAE523CF2FD1004C7F2A /* FAQsViewController.swift in Sources */,
				FA7F3FE623F9CF370047CF9E /* EditServerViewController.swift in Sources */,
				FA55A9AC23FEA50300260768 /* PurchasePlanTableViewCell.swift in Sources */,
				FAE7AC8623D1F7B300FA3CB8 /* MoreOptionsTableViewCell.swift in Sources */,
				FA7F3FE423F18B980047CF9E /* ServerInformationViewController.swift in Sources */,
				C6B2B4DD23B155DD0035F586 /* AppDelegate.swift in Sources */,
				FAB6058523DBB9A3009A4758 /* ForgotPasswordPopUpViewController.swift in Sources */,
				FA8F1C2523B26B7F00B3C20C /* SignUpViewController.swift in Sources */,
				C6B2B4E723B155DD0035F586 /* StorIt_IOS.xcdatamodeld in Sources */,
				FA7CBAE323CF2FA1004C7F2A /* TermsAndConditionViewController.swift in Sources */,
				FA7CBAE123CF2F00004C7F2A /* HelpViewController.swift in Sources */,
				FA7CBADF23CF2DF1004C7F2A /* ProfileViewController.swift in Sources */,
				FAB6058323D9F0C2009A4758 /* EditProfileViewController.swift in Sources */,
				FA7CBADB23CF1712004C7F2A /* PaymentDetailsViewController.swift in Sources */,
				FA8F1C1F23B25CFF00B3C20C /* LoginViewController.swift in Sources */,
				FA55A9A423FDCD2600260768 /* EditPaymentDetailsViewController.swift in Sources */,
				FAE7AC7923CFE5F400FA3CB8 /* ServerTableViewCell.swift in Sources */,
				FAE7AC8023D1370000FA3CB8 /* SortByTableViewCell.swift in Sources */,
				FAE7AC7C23D1177D00FA3CB8 /* ClientCollectionViewCell.swift in Sources */,
				FA8F1C2B23B38C6300B3C20C /* ServerViewController.swift in Sources */,
				FAE7AC8823D220E700FA3CB8 /* AddServerPopUpViewController.swift in Sources */,
				FA8F1C2723B3723000B3C20C /* MenuTableViewController.swift in Sources */,
				FAE7AC7E23D12D0000FA3CB8 /* AddNewTableViewCell.swift in Sources */,
				FA55A9AA23FE60AF00260768 /* PaymentDetailsTableViewCell.swift in Sources */,
				FA55A9A623FDCD4F00260768 /* AddCardViewController.swift in Sources */,
				FAE7AC8C23D22B2000FA3CB8 /* SBCardPopupViewController.swift in Sources */,
				FA8F1C2323B2652D00B3C20C /* TabBarViewController.swift in Sources */,
				C6B2B4DF23B155DD0035F586 /* SceneDelegate.swift in Sources */,
				FA8F1C2123B25DF000B3C20C /* ClientViewController.swift in Sources */,
				FA7CBADD23CF25A9004C7F2A /* PlansViewController.swift in Sources */,
				FA8F1C2923B37F8E00B3C20C /* SlideInTransition.swift in Sources */,
			);
			runOnlyForDeploymentPostprocessing = 0;
		};
		C6B2B4EE23B155E10035F586 /* Sources */ = {
			isa = PBXSourcesBuildPhase;
			buildActionMask = 2147483647;
			files = (
				C6B2B4F723B155E10035F586 /* StorIt_IOSTests.swift in Sources */,
			);
			runOnlyForDeploymentPostprocessing = 0;
		};
		C6B2B4F923B155E10035F586 /* Sources */ = {
			isa = PBXSourcesBuildPhase;
			buildActionMask = 2147483647;
			files = (
				C6B2B50223B155E10035F586 /* StorIt_IOSUITests.swift in Sources */,
			);
			runOnlyForDeploymentPostprocessing = 0;
		};
/* End PBXSourcesBuildPhase section */

/* Begin PBXTargetDependency section */
		C6B2B4F423B155E10035F586 /* PBXTargetDependency */ = {
			isa = PBXTargetDependency;
			target = C6B2B4D823B155DD0035F586 /* StorIt-IOS */;
			targetProxy = C6B2B4F323B155E10035F586 /* PBXContainerItemProxy */;
		};
		C6B2B4FF23B155E10035F586 /* PBXTargetDependency */ = {
			isa = PBXTargetDependency;
			target = C6B2B4D823B155DD0035F586 /* StorIt-IOS */;
			targetProxy = C6B2B4FE23B155E10035F586 /* PBXContainerItemProxy */;
		};
/* End PBXTargetDependency section */

/* Begin PBXVariantGroup section */
		C6B2B4E223B155DD0035F586 /* Main.storyboard */ = {
			isa = PBXVariantGroup;
			children = (
				C6B2B4E323B155DD0035F586 /* Base */,
			);
			name = Main.storyboard;
			sourceTree = "<group>";
		};
		C6B2B4EA23B155E10035F586 /* LaunchScreen.storyboard */ = {
			isa = PBXVariantGroup;
			children = (
				C6B2B4EB23B155E10035F586 /* Base */,
			);
			name = LaunchScreen.storyboard;
			sourceTree = "<group>";
		};
/* End PBXVariantGroup section */

/* Begin XCBuildConfiguration section */
		C6B2B50423B155E10035F586 /* Debug */ = {
			isa = XCBuildConfiguration;
			buildSettings = {
				ALWAYS_SEARCH_USER_PATHS = NO;
				CLANG_ANALYZER_NONNULL = YES;
				CLANG_ANALYZER_NUMBER_OBJECT_CONVERSION = YES_AGGRESSIVE;
				CLANG_CXX_LANGUAGE_STANDARD = "gnu++14";
				CLANG_CXX_LIBRARY = "libc++";
				CLANG_ENABLE_MODULES = YES;
				CLANG_ENABLE_OBJC_ARC = YES;
				CLANG_ENABLE_OBJC_WEAK = YES;
				CLANG_WARN_BLOCK_CAPTURE_AUTORELEASING = YES;
				CLANG_WARN_BOOL_CONVERSION = YES;
				CLANG_WARN_COMMA = YES;
				CLANG_WARN_CONSTANT_CONVERSION = YES;
				CLANG_WARN_DEPRECATED_OBJC_IMPLEMENTATIONS = YES;
				CLANG_WARN_DIRECT_OBJC_ISA_USAGE = YES_ERROR;
				CLANG_WARN_DOCUMENTATION_COMMENTS = YES;
				CLANG_WARN_EMPTY_BODY = YES;
				CLANG_WARN_ENUM_CONVERSION = YES;
				CLANG_WARN_INFINITE_RECURSION = YES;
				CLANG_WARN_INT_CONVERSION = YES;
				CLANG_WARN_NON_LITERAL_NULL_CONVERSION = YES;
				CLANG_WARN_OBJC_IMPLICIT_RETAIN_SELF = YES;
				CLANG_WARN_OBJC_LITERAL_CONVERSION = YES;
				CLANG_WARN_OBJC_ROOT_CLASS = YES_ERROR;
				CLANG_WARN_RANGE_LOOP_ANALYSIS = YES;
				CLANG_WARN_STRICT_PROTOTYPES = YES;
				CLANG_WARN_SUSPICIOUS_MOVE = YES;
				CLANG_WARN_UNGUARDED_AVAILABILITY = YES_AGGRESSIVE;
				CLANG_WARN_UNREACHABLE_CODE = YES;
				CLANG_WARN__DUPLICATE_METHOD_MATCH = YES;
				COPY_PHASE_STRIP = NO;
				DEBUG_INFORMATION_FORMAT = dwarf;
				ENABLE_STRICT_OBJC_MSGSEND = YES;
				ENABLE_TESTABILITY = YES;
				GCC_C_LANGUAGE_STANDARD = gnu11;
				GCC_DYNAMIC_NO_PIC = NO;
				GCC_NO_COMMON_BLOCKS = YES;
				GCC_OPTIMIZATION_LEVEL = 0;
				GCC_PREPROCESSOR_DEFINITIONS = (
					"DEBUG=1",
					"$(inherited)",
				);
				GCC_WARN_64_TO_32_BIT_CONVERSION = YES;
				GCC_WARN_ABOUT_RETURN_TYPE = YES_ERROR;
				GCC_WARN_UNDECLARED_SELECTOR = YES;
				GCC_WARN_UNINITIALIZED_AUTOS = YES_AGGRESSIVE;
				GCC_WARN_UNUSED_FUNCTION = YES;
				GCC_WARN_UNUSED_VARIABLE = YES;
				IPHONEOS_DEPLOYMENT_TARGET = 13.2;
				MTL_ENABLE_DEBUG_INFO = INCLUDE_SOURCE;
				MTL_FAST_MATH = YES;
				ONLY_ACTIVE_ARCH = YES;
				SDKROOT = iphoneos;
				SWIFT_ACTIVE_COMPILATION_CONDITIONS = DEBUG;
				SWIFT_OPTIMIZATION_LEVEL = "-Onone";
			};
			name = Debug;
		};
		C6B2B50523B155E10035F586 /* Release */ = {
			isa = XCBuildConfiguration;
			buildSettings = {
				ALWAYS_SEARCH_USER_PATHS = NO;
				CLANG_ANALYZER_NONNULL = YES;
				CLANG_ANALYZER_NUMBER_OBJECT_CONVERSION = YES_AGGRESSIVE;
				CLANG_CXX_LANGUAGE_STANDARD = "gnu++14";
				CLANG_CXX_LIBRARY = "libc++";
				CLANG_ENABLE_MODULES = YES;
				CLANG_ENABLE_OBJC_ARC = YES;
				CLANG_ENABLE_OBJC_WEAK = YES;
				CLANG_WARN_BLOCK_CAPTURE_AUTORELEASING = YES;
				CLANG_WARN_BOOL_CONVERSION = YES;
				CLANG_WARN_COMMA = YES;
				CLANG_WARN_CONSTANT_CONVERSION = YES;
				CLANG_WARN_DEPRECATED_OBJC_IMPLEMENTATIONS = YES;
				CLANG_WARN_DIRECT_OBJC_ISA_USAGE = YES_ERROR;
				CLANG_WARN_DOCUMENTATION_COMMENTS = YES;
				CLANG_WARN_EMPTY_BODY = YES;
				CLANG_WARN_ENUM_CONVERSION = YES;
				CLANG_WARN_INFINITE_RECURSION = YES;
				CLANG_WARN_INT_CONVERSION = YES;
				CLANG_WARN_NON_LITERAL_NULL_CONVERSION = YES;
				CLANG_WARN_OBJC_IMPLICIT_RETAIN_SELF = YES;
				CLANG_WARN_OBJC_LITERAL_CONVERSION = YES;
				CLANG_WARN_OBJC_ROOT_CLASS = YES_ERROR;
				CLANG_WARN_RANGE_LOOP_ANALYSIS = YES;
				CLANG_WARN_STRICT_PROTOTYPES = YES;
				CLANG_WARN_SUSPICIOUS_MOVE = YES;
				CLANG_WARN_UNGUARDED_AVAILABILITY = YES_AGGRESSIVE;
				CLANG_WARN_UNREACHABLE_CODE = YES;
				CLANG_WARN__DUPLICATE_METHOD_MATCH = YES;
				COPY_PHASE_STRIP = NO;
				DEBUG_INFORMATION_FORMAT = "dwarf-with-dsym";
				ENABLE_NS_ASSERTIONS = NO;
				ENABLE_STRICT_OBJC_MSGSEND = YES;
				GCC_C_LANGUAGE_STANDARD = gnu11;
				GCC_NO_COMMON_BLOCKS = YES;
				GCC_WARN_64_TO_32_BIT_CONVERSION = YES;
				GCC_WARN_ABOUT_RETURN_TYPE = YES_ERROR;
				GCC_WARN_UNDECLARED_SELECTOR = YES;
				GCC_WARN_UNINITIALIZED_AUTOS = YES_AGGRESSIVE;
				GCC_WARN_UNUSED_FUNCTION = YES;
				GCC_WARN_UNUSED_VARIABLE = YES;
				IPHONEOS_DEPLOYMENT_TARGET = 13.2;
				MTL_ENABLE_DEBUG_INFO = NO;
				MTL_FAST_MATH = YES;
				SDKROOT = iphoneos;
				SWIFT_COMPILATION_MODE = wholemodule;
				SWIFT_OPTIMIZATION_LEVEL = "-O";
				VALIDATE_PRODUCT = YES;
			};
			name = Release;
		};
		C6B2B50723B155E10035F586 /* Debug */ = {
			isa = XCBuildConfiguration;
			baseConfigurationReference = AD7705C54BE511C8AEFD99C6 /* Pods-StorIt-IOS.debug.xcconfig */;
			buildSettings = {
				ASSETCATALOG_COMPILER_APPICON_NAME = AppIcon;
				CODE_SIGN_STYLE = Automatic;
				INFOPLIST_FILE = "StorIt-IOS/Info.plist";
				LD_RUNPATH_SEARCH_PATHS = (
					"$(inherited)",
					"@executable_path/Frameworks",
				);
				PRODUCT_BUNDLE_IDENTIFIER = "com.example.StorIt-IOS";
				PRODUCT_NAME = StorIT;
				SWIFT_VERSION = 5.0;
				TARGETED_DEVICE_FAMILY = "1,2";
			};
			name = Debug;
		};
		C6B2B50823B155E10035F586 /* Release */ = {
			isa = XCBuildConfiguration;
			baseConfigurationReference = 8DEC980E9E125E735B6DD723 /* Pods-StorIt-IOS.release.xcconfig */;
			buildSettings = {
				ASSETCATALOG_COMPILER_APPICON_NAME = AppIcon;
				CODE_SIGN_STYLE = Automatic;
				INFOPLIST_FILE = "StorIt-IOS/Info.plist";
				LD_RUNPATH_SEARCH_PATHS = (
					"$(inherited)",
					"@executable_path/Frameworks",
				);
				PRODUCT_BUNDLE_IDENTIFIER = "com.example.StorIt-IOS";
				PRODUCT_NAME = StorIT;
				SWIFT_VERSION = 5.0;
				TARGETED_DEVICE_FAMILY = "1,2";
			};
			name = Release;
		};
		C6B2B50A23B155E10035F586 /* Debug */ = {
			isa = XCBuildConfiguration;
			buildSettings = {
				ALWAYS_EMBED_SWIFT_STANDARD_LIBRARIES = YES;
				BUNDLE_LOADER = "$(TEST_HOST)";
				CODE_SIGN_STYLE = Automatic;
				INFOPLIST_FILE = "StorIt-IOSTests/Info.plist";
				IPHONEOS_DEPLOYMENT_TARGET = 13.2;
				LD_RUNPATH_SEARCH_PATHS = (
					"$(inherited)",
					"@executable_path/Frameworks",
					"@loader_path/Frameworks",
				);
				PRODUCT_BUNDLE_IDENTIFIER = "com.example.StorIt-IOSTests";
				PRODUCT_NAME = "$(TARGET_NAME)";
				SWIFT_VERSION = 5.0;
				TARGETED_DEVICE_FAMILY = "1,2";
				TEST_HOST = "$(BUILT_PRODUCTS_DIR)/StorIt-IOS.app/StorIt-IOS";
			};
			name = Debug;
		};
		C6B2B50B23B155E10035F586 /* Release */ = {
			isa = XCBuildConfiguration;
			buildSettings = {
				ALWAYS_EMBED_SWIFT_STANDARD_LIBRARIES = YES;
				BUNDLE_LOADER = "$(TEST_HOST)";
				CODE_SIGN_STYLE = Automatic;
				INFOPLIST_FILE = "StorIt-IOSTests/Info.plist";
				IPHONEOS_DEPLOYMENT_TARGET = 13.2;
				LD_RUNPATH_SEARCH_PATHS = (
					"$(inherited)",
					"@executable_path/Frameworks",
					"@loader_path/Frameworks",
				);
				PRODUCT_BUNDLE_IDENTIFIER = "com.example.StorIt-IOSTests";
				PRODUCT_NAME = "$(TARGET_NAME)";
				SWIFT_VERSION = 5.0;
				TARGETED_DEVICE_FAMILY = "1,2";
				TEST_HOST = "$(BUILT_PRODUCTS_DIR)/StorIt-IOS.app/StorIt-IOS";
			};
			name = Release;
		};
		C6B2B50D23B155E10035F586 /* Debug */ = {
			isa = XCBuildConfiguration;
			buildSettings = {
				ALWAYS_EMBED_SWIFT_STANDARD_LIBRARIES = YES;
				CODE_SIGN_STYLE = Automatic;
				INFOPLIST_FILE = "StorIt-IOSUITests/Info.plist";
				LD_RUNPATH_SEARCH_PATHS = (
					"$(inherited)",
					"@executable_path/Frameworks",
					"@loader_path/Frameworks",
				);
				PRODUCT_BUNDLE_IDENTIFIER = "com.example.StorIt-IOSUITests";
				PRODUCT_NAME = "$(TARGET_NAME)";
				SWIFT_VERSION = 5.0;
				TARGETED_DEVICE_FAMILY = "1,2";
				TEST_TARGET_NAME = "StorIt-IOS";
			};
			name = Debug;
		};
		C6B2B50E23B155E10035F586 /* Release */ = {
			isa = XCBuildConfiguration;
			buildSettings = {
				ALWAYS_EMBED_SWIFT_STANDARD_LIBRARIES = YES;
				CODE_SIGN_STYLE = Automatic;
				INFOPLIST_FILE = "StorIt-IOSUITests/Info.plist";
				LD_RUNPATH_SEARCH_PATHS = (
					"$(inherited)",
					"@executable_path/Frameworks",
					"@loader_path/Frameworks",
				);
				PRODUCT_BUNDLE_IDENTIFIER = "com.example.StorIt-IOSUITests";
				PRODUCT_NAME = "$(TARGET_NAME)";
				SWIFT_VERSION = 5.0;
				TARGETED_DEVICE_FAMILY = "1,2";
				TEST_TARGET_NAME = "StorIt-IOS";
			};
			name = Release;
		};
/* End XCBuildConfiguration section */

/* Begin XCConfigurationList section */
		C6B2B4D423B155DD0035F586 /* Build configuration list for PBXProject "StorIt-IOS" */ = {
			isa = XCConfigurationList;
			buildConfigurations = (
				C6B2B50423B155E10035F586 /* Debug */,
				C6B2B50523B155E10035F586 /* Release */,
			);
			defaultConfigurationIsVisible = 0;
			defaultConfigurationName = Release;
		};
		C6B2B50623B155E10035F586 /* Build configuration list for PBXNativeTarget "StorIt-IOS" */ = {
			isa = XCConfigurationList;
			buildConfigurations = (
				C6B2B50723B155E10035F586 /* Debug */,
				C6B2B50823B155E10035F586 /* Release */,
			);
			defaultConfigurationIsVisible = 0;
			defaultConfigurationName = Release;
		};
		C6B2B50923B155E10035F586 /* Build configuration list for PBXNativeTarget "StorIt-IOSTests" */ = {
			isa = XCConfigurationList;
			buildConfigurations = (
				C6B2B50A23B155E10035F586 /* Debug */,
				C6B2B50B23B155E10035F586 /* Release */,
			);
			defaultConfigurationIsVisible = 0;
			defaultConfigurationName = Release;
		};
		C6B2B50C23B155E10035F586 /* Build configuration list for PBXNativeTarget "StorIt-IOSUITests" */ = {
			isa = XCConfigurationList;
			buildConfigurations = (
				C6B2B50D23B155E10035F586 /* Debug */,
				C6B2B50E23B155E10035F586 /* Release */,
			);
			defaultConfigurationIsVisible = 0;
			defaultConfigurationName = Release;
		};
/* End XCConfigurationList section */

/* Begin XCVersionGroup section */
		C6B2B4E523B155DD0035F586 /* StorIt_IOS.xcdatamodeld */ = {
			isa = XCVersionGroup;
			children = (
				C6B2B4E623B155DD0035F586 /* StorIt_IOS.xcdatamodel */,
			);
			currentVersion = C6B2B4E623B155DD0035F586 /* StorIt_IOS.xcdatamodel */;
			path = StorIt_IOS.xcdatamodeld;
			sourceTree = "<group>";
			versionGroupType = wrapper.xcdatamodel;
		};
/* End XCVersionGroup section */
	};
	rootObject = C6B2B4D123B155DD0035F586 /* Project object */;
}
